// !$*UTF8*$!
{
	archiveVersion = 1;
	classes = {
	};
	objectVersion = 46;
	objects = {

/* Begin PBXBuildFile section */
		37235E761662BCCB00F33BF1 /* Cocoa.framework in Frameworks */ = {isa = PBXBuildFile; fileRef = 37235E751662BCCB00F33BF1 /* Cocoa.framework */; };
		37235E851662BCE100F33BF1 /* NSObject+KVCMapping.m in Sources */ = {isa = PBXBuildFile; fileRef = 37EADF76150B8D3C001D3588 /* NSObject+KVCMapping.m */; };
		37235E861662BCE100F33BF1 /* NSManagedObject+Coercion.m in Sources */ = {isa = PBXBuildFile; fileRef = 373D64FB1657F1C80067FDC3 /* NSManagedObject+Coercion.m */; };
		37235E871662BCE100F33BF1 /* NSManagedObject+KVCFetching.m in Sources */ = {isa = PBXBuildFile; fileRef = 373D64FD1657F1C80067FDC3 /* NSManagedObject+KVCFetching.m */; };
		37235E881662BCE100F33BF1 /* NSManagedObject+KVCRelationship.m in Sources */ = {isa = PBXBuildFile; fileRef = 373D64FF1657F1C80067FDC3 /* NSManagedObject+KVCRelationship.m */; };
		373D65021657F1C80067FDC3 /* NSManagedObject+Coercion.h in Headers */ = {isa = PBXBuildFile; fileRef = 373D64FA1657F1C80067FDC3 /* NSManagedObject+Coercion.h */; };
		373D65031657F1C80067FDC3 /* NSManagedObject+Coercion.m in Sources */ = {isa = PBXBuildFile; fileRef = 373D64FB1657F1C80067FDC3 /* NSManagedObject+Coercion.m */; };
		373D65041657F1C80067FDC3 /* NSManagedObject+Coercion.m in Sources */ = {isa = PBXBuildFile; fileRef = 373D64FB1657F1C80067FDC3 /* NSManagedObject+Coercion.m */; };
		373D65051657F1C80067FDC3 /* NSManagedObject+KVCFetching.h in Headers */ = {isa = PBXBuildFile; fileRef = 373D64FC1657F1C80067FDC3 /* NSManagedObject+KVCFetching.h */; };
		373D65061657F1C80067FDC3 /* NSManagedObject+KVCFetching.m in Sources */ = {isa = PBXBuildFile; fileRef = 373D64FD1657F1C80067FDC3 /* NSManagedObject+KVCFetching.m */; };
		373D65071657F1C80067FDC3 /* NSManagedObject+KVCFetching.m in Sources */ = {isa = PBXBuildFile; fileRef = 373D64FD1657F1C80067FDC3 /* NSManagedObject+KVCFetching.m */; };
		373D65081657F1C80067FDC3 /* NSManagedObject+KVCRelationship.h in Headers */ = {isa = PBXBuildFile; fileRef = 373D64FE1657F1C80067FDC3 /* NSManagedObject+KVCRelationship.h */; };
		373D65091657F1C80067FDC3 /* NSManagedObject+KVCRelationship.m in Sources */ = {isa = PBXBuildFile; fileRef = 373D64FF1657F1C80067FDC3 /* NSManagedObject+KVCRelationship.m */; };
		373D650A1657F1C80067FDC3 /* NSManagedObject+KVCRelationship.m in Sources */ = {isa = PBXBuildFile; fileRef = 373D64FF1657F1C80067FDC3 /* NSManagedObject+KVCRelationship.m */; };
		373D65101657F2030067FDC3 /* NSManagedObject_KVCMapping_Tests.xcdatamodel in Sources */ = {isa = PBXBuildFile; fileRef = 373D650F1657F2030067FDC3 /* NSManagedObject_KVCMapping_Tests.xcdatamodel */; };
		373D65161657F2100067FDC3 /* NSManagedObject+CoercionTests.m in Sources */ = {isa = PBXBuildFile; fileRef = 373D65111657F2100067FDC3 /* NSManagedObject+CoercionTests.m */; };
		373D65171657F2100067FDC3 /* NSManagedObject+KVCFetchingTests.m in Sources */ = {isa = PBXBuildFile; fileRef = 373D65121657F2100067FDC3 /* NSManagedObject+KVCFetchingTests.m */; };
		373D65181657F2100067FDC3 /* NSManagedObject+KVCMappingTests.m in Sources */ = {isa = PBXBuildFile; fileRef = 373D65131657F2100067FDC3 /* NSManagedObject+KVCMappingTests.m */; };
		373D65191657F2100067FDC3 /* NSManagedObject+KVCRelationshipTests.m in Sources */ = {isa = PBXBuildFile; fileRef = 373D65141657F2100067FDC3 /* NSManagedObject+KVCRelationshipTests.m */; };
		37A80DF2150B8CE800B9B6E1 /* Foundation.framework in Frameworks */ = {isa = PBXBuildFile; fileRef = 37A80DF1150B8CE800B9B6E1 /* Foundation.framework */; };
		37A80E00150B8CE800B9B6E1 /* SenTestingKit.framework in Frameworks */ = {isa = PBXBuildFile; fileRef = 37A80DFF150B8CE800B9B6E1 /* SenTestingKit.framework */; };
		37A80E03150B8CE800B9B6E1 /* Foundation.framework in Frameworks */ = {isa = PBXBuildFile; fileRef = 37A80DF1150B8CE800B9B6E1 /* Foundation.framework */; };
		37EADF77150B8D3C001D3588 /* NSObject+KVCMapping.h in Headers */ = {isa = PBXBuildFile; fileRef = 37EADF75150B8D3C001D3588 /* NSObject+KVCMapping.h */; };
		37EADF78150B8D3C001D3588 /* NSObject+KVCMapping.m in Sources */ = {isa = PBXBuildFile; fileRef = 37EADF76150B8D3C001D3588 /* NSObject+KVCMapping.m */; };
		37EADF79150B8D3C001D3588 /* NSObject+KVCMapping.m in Sources */ = {isa = PBXBuildFile; fileRef = 37EADF76150B8D3C001D3588 /* NSObject+KVCMapping.m */; };
		37EADF7C150B8DAB001D3588 /* CoreData.framework in Frameworks */ = {isa = PBXBuildFile; fileRef = 37EADF7B150B8DAB001D3588 /* CoreData.framework */; };
		37EADF7D150B8E04001D3588 /* CoreData.framework in Frameworks */ = {isa = PBXBuildFile; fileRef = 37EADF7B150B8DAB001D3588 /* CoreData.framework */; };
		37EADF7F150B8E29001D3588 /* NSObject+KVCMappingTests.m in Sources */ = {isa = PBXBuildFile; fileRef = 37EADF7E150B8E29001D3588 /* NSObject+KVCMappingTests.m */; };
		8350CB261743BF4800A7E7B9 /* KVCEntitiesCache.h in Headers */ = {isa = PBXBuildFile; fileRef = 8350CB241743BF4800A7E7B9 /* KVCEntitiesCache.h */; };
		8350CB271743BF4800A7E7B9 /* KVCEntitiesCache.h in Headers */ = {isa = PBXBuildFile; fileRef = 8350CB241743BF4800A7E7B9 /* KVCEntitiesCache.h */; };
		8350CB281743BF4800A7E7B9 /* KVCEntitiesCache.m in Sources */ = {isa = PBXBuildFile; fileRef = 8350CB251743BF4800A7E7B9 /* KVCEntitiesCache.m */; };
		8350CB291743BF4800A7E7B9 /* KVCEntitiesCache.m in Sources */ = {isa = PBXBuildFile; fileRef = 8350CB251743BF4800A7E7B9 /* KVCEntitiesCache.m */; };
		8350CB2A1743BF4800A7E7B9 /* KVCEntitiesCache.m in Sources */ = {isa = PBXBuildFile; fileRef = 8350CB251743BF4800A7E7B9 /* KVCEntitiesCache.m */; };
		8350CB2C1743BF6C00A7E7B9 /* KVCEntitiesCacheTests.m in Sources */ = {isa = PBXBuildFile; fileRef = 8350CB2B1743BF6C00A7E7B9 /* KVCEntitiesCacheTests.m */; };
		8350CB301743C26E00A7E7B9 /* KVCEntityMapping.h in Headers */ = {isa = PBXBuildFile; fileRef = 8350CB2D1743C26E00A7E7B9 /* KVCEntityMapping.h */; };
		8350CB311743C26E00A7E7B9 /* KVCEntityMapping.h in Headers */ = {isa = PBXBuildFile; fileRef = 8350CB2D1743C26E00A7E7B9 /* KVCEntityMapping.h */; };
		8350CB321743C26E00A7E7B9 /* KVCEntityMapping.m in Sources */ = {isa = PBXBuildFile; fileRef = 8350CB2E1743C26E00A7E7B9 /* KVCEntityMapping.m */; };
		8350CB331743C26E00A7E7B9 /* KVCEntityMapping.m in Sources */ = {isa = PBXBuildFile; fileRef = 8350CB2E1743C26E00A7E7B9 /* KVCEntityMapping.m */; };
		8350CB341743C26E00A7E7B9 /* KVCEntityMapping.m in Sources */ = {isa = PBXBuildFile; fileRef = 8350CB2E1743C26E00A7E7B9 /* KVCEntityMapping.m */; };
		8350CB351743C26E00A7E7B9 /* KVCMapping.h in Headers */ = {isa = PBXBuildFile; fileRef = 8350CB2F1743C26E00A7E7B9 /* KVCMapping.h */; };
		8350CB361743C26E00A7E7B9 /* KVCMapping.h in Headers */ = {isa = PBXBuildFile; fileRef = 8350CB2F1743C26E00A7E7B9 /* KVCMapping.h */; };
/* End PBXBuildFile section */

/* Begin PBXFileReference section */
		37235E741662BCCB00F33BF1 /* libKVCMapping-osx.a */ = {isa = PBXFileReference; explicitFileType = archive.ar; includeInIndex = 0; path = "libKVCMapping-osx.a"; sourceTree = BUILT_PRODUCTS_DIR; };
		37235E751662BCCB00F33BF1 /* Cocoa.framework */ = {isa = PBXFileReference; lastKnownFileType = wrapper.framework; name = Cocoa.framework; path = Library/Frameworks/Cocoa.framework; sourceTree = DEVELOPER_DIR; };
		37235E781662BCCB00F33BF1 /* AppKit.framework */ = {isa = PBXFileReference; lastKnownFileType = wrapper.framework; name = AppKit.framework; path = Library/Frameworks/AppKit.framework; sourceTree = SDKROOT; };
		37235E791662BCCB00F33BF1 /* CoreData.framework */ = {isa = PBXFileReference; lastKnownFileType = wrapper.framework; name = CoreData.framework; path = Library/Frameworks/CoreData.framework; sourceTree = SDKROOT; };
		37235E7A1662BCCB00F33BF1 /* Foundation.framework */ = {isa = PBXFileReference; lastKnownFileType = wrapper.framework; name = Foundation.framework; path = Library/Frameworks/Foundation.framework; sourceTree = SDKROOT; };
		373D64FA1657F1C80067FDC3 /* NSManagedObject+Coercion.h */ = {isa = PBXFileReference; fileEncoding = 4; lastKnownFileType = sourcecode.c.h; path = "NSManagedObject+Coercion.h"; sourceTree = "<group>"; };
		373D64FB1657F1C80067FDC3 /* NSManagedObject+Coercion.m */ = {isa = PBXFileReference; fileEncoding = 4; lastKnownFileType = sourcecode.c.objc; path = "NSManagedObject+Coercion.m"; sourceTree = "<group>"; };
		373D64FC1657F1C80067FDC3 /* NSManagedObject+KVCFetching.h */ = {isa = PBXFileReference; fileEncoding = 4; lastKnownFileType = sourcecode.c.h; path = "NSManagedObject+KVCFetching.h"; sourceTree = "<group>"; };
		373D64FD1657F1C80067FDC3 /* NSManagedObject+KVCFetching.m */ = {isa = PBXFileReference; fileEncoding = 4; lastKnownFileType = sourcecode.c.objc; path = "NSManagedObject+KVCFetching.m"; sourceTree = "<group>"; };
		373D64FE1657F1C80067FDC3 /* NSManagedObject+KVCRelationship.h */ = {isa = PBXFileReference; fileEncoding = 4; lastKnownFileType = sourcecode.c.h; path = "NSManagedObject+KVCRelationship.h"; sourceTree = "<group>"; };
		373D64FF1657F1C80067FDC3 /* NSManagedObject+KVCRelationship.m */ = {isa = PBXFileReference; fileEncoding = 4; lastKnownFileType = sourcecode.c.objc; path = "NSManagedObject+KVCRelationship.m"; sourceTree = "<group>"; };
		373D650F1657F2030067FDC3 /* NSManagedObject_KVCMapping_Tests.xcdatamodel */ = {isa = PBXFileReference; lastKnownFileType = wrapper.xcdatamodel; path = NSManagedObject_KVCMapping_Tests.xcdatamodel; sourceTree = "<group>"; };
		373D65111657F2100067FDC3 /* NSManagedObject+CoercionTests.m */ = {isa = PBXFileReference; fileEncoding = 4; lastKnownFileType = sourcecode.c.objc; path = "NSManagedObject+CoercionTests.m"; sourceTree = "<group>"; };
		373D65121657F2100067FDC3 /* NSManagedObject+KVCFetchingTests.m */ = {isa = PBXFileReference; fileEncoding = 4; lastKnownFileType = sourcecode.c.objc; path = "NSManagedObject+KVCFetchingTests.m"; sourceTree = "<group>"; };
		373D65131657F2100067FDC3 /* NSManagedObject+KVCMappingTests.m */ = {isa = PBXFileReference; fileEncoding = 4; lastKnownFileType = sourcecode.c.objc; path = "NSManagedObject+KVCMappingTests.m"; sourceTree = "<group>"; };
		373D65141657F2100067FDC3 /* NSManagedObject+KVCRelationshipTests.m */ = {isa = PBXFileReference; fileEncoding = 4; lastKnownFileType = sourcecode.c.objc; path = "NSManagedObject+KVCRelationshipTests.m"; sourceTree = "<group>"; };
		37A80DEE150B8CE800B9B6E1 /* libKVCMapping-ios.a */ = {isa = PBXFileReference; explicitFileType = archive.ar; includeInIndex = 0; path = "libKVCMapping-ios.a"; sourceTree = BUILT_PRODUCTS_DIR; };
		37A80DF1150B8CE800B9B6E1 /* Foundation.framework */ = {isa = PBXFileReference; lastKnownFileType = wrapper.framework; name = Foundation.framework; path = System/Library/Frameworks/Foundation.framework; sourceTree = SDKROOT; };
		37A80DF5150B8CE800B9B6E1 /* KVCMapping-Prefix.pch */ = {isa = PBXFileReference; lastKnownFileType = sourcecode.c.h; path = "KVCMapping-Prefix.pch"; sourceTree = "<group>"; };
		37A80DFE150B8CE800B9B6E1 /* KVCMappingTests.octest */ = {isa = PBXFileReference; explicitFileType = wrapper.cfbundle; includeInIndex = 0; path = KVCMappingTests.octest; sourceTree = BUILT_PRODUCTS_DIR; };
		37A80DFF150B8CE800B9B6E1 /* SenTestingKit.framework */ = {isa = PBXFileReference; lastKnownFileType = wrapper.framework; name = SenTestingKit.framework; path = Library/Frameworks/SenTestingKit.framework; sourceTree = DEVELOPER_DIR; };
		37A80E09150B8CE800B9B6E1 /* KVCMappingTests-Info.plist */ = {isa = PBXFileReference; lastKnownFileType = text.plist.xml; path = "KVCMappingTests-Info.plist"; sourceTree = "<group>"; };
		37EADF75150B8D3C001D3588 /* NSObject+KVCMapping.h */ = {isa = PBXFileReference; fileEncoding = 4; lastKnownFileType = sourcecode.c.h; path = "NSObject+KVCMapping.h"; sourceTree = "<group>"; };
		37EADF76150B8D3C001D3588 /* NSObject+KVCMapping.m */ = {isa = PBXFileReference; fileEncoding = 4; lastKnownFileType = sourcecode.c.objc; path = "NSObject+KVCMapping.m"; sourceTree = "<group>"; };
		37EADF7B150B8DAB001D3588 /* CoreData.framework */ = {isa = PBXFileReference; lastKnownFileType = wrapper.framework; name = CoreData.framework; path = System/Library/Frameworks/CoreData.framework; sourceTree = SDKROOT; };
		37EADF7E150B8E29001D3588 /* NSObject+KVCMappingTests.m */ = {isa = PBXFileReference; fileEncoding = 4; lastKnownFileType = sourcecode.c.objc; path = "NSObject+KVCMappingTests.m"; sourceTree = "<group>"; };
		37EADF87150B91A0001D3588 /* README.mdown */ = {isa = PBXFileReference; lastKnownFileType = text; path = README.mdown; sourceTree = "<group>"; };
		8350CB241743BF4800A7E7B9 /* KVCEntitiesCache.h */ = {isa = PBXFileReference; fileEncoding = 4; lastKnownFileType = sourcecode.c.h; path = KVCEntitiesCache.h; sourceTree = "<group>"; };
		8350CB251743BF4800A7E7B9 /* KVCEntitiesCache.m */ = {isa = PBXFileReference; fileEncoding = 4; lastKnownFileType = sourcecode.c.objc; path = KVCEntitiesCache.m; sourceTree = "<group>"; };
		8350CB2B1743BF6C00A7E7B9 /* KVCEntitiesCacheTests.m */ = {isa = PBXFileReference; fileEncoding = 4; lastKnownFileType = sourcecode.c.objc; path = KVCEntitiesCacheTests.m; sourceTree = "<group>"; };
		8350CB2D1743C26E00A7E7B9 /* KVCEntityMapping.h */ = {isa = PBXFileReference; fileEncoding = 4; lastKnownFileType = sourcecode.c.h; path = KVCEntityMapping.h; sourceTree = "<group>"; };
		8350CB2E1743C26E00A7E7B9 /* KVCEntityMapping.m */ = {isa = PBXFileReference; fileEncoding = 4; lastKnownFileType = sourcecode.c.objc; path = KVCEntityMapping.m; sourceTree = "<group>"; };
		8350CB2F1743C26E00A7E7B9 /* KVCMapping.h */ = {isa = PBXFileReference; fileEncoding = 4; lastKnownFileType = sourcecode.c.h; path = KVCMapping.h; sourceTree = "<group>"; };
/* End PBXFileReference section */

/* Begin PBXFrameworksBuildPhase section */
		37235E711662BCCB00F33BF1 /* Frameworks */ = {
			isa = PBXFrameworksBuildPhase;
			buildActionMask = 2147483647;
			files = (
				37235E761662BCCB00F33BF1 /* Cocoa.framework in Frameworks */,
			);
			runOnlyForDeploymentPostprocessing = 0;
		};
		37A80DEB150B8CE800B9B6E1 /* Frameworks */ = {
			isa = PBXFrameworksBuildPhase;
			buildActionMask = 2147483647;
			files = (
				37EADF7C150B8DAB001D3588 /* CoreData.framework in Frameworks */,
				37A80DF2150B8CE800B9B6E1 /* Foundation.framework in Frameworks */,
			);
			runOnlyForDeploymentPostprocessing = 0;
		};
		37A80DFA150B8CE800B9B6E1 /* Frameworks */ = {
			isa = PBXFrameworksBuildPhase;
			buildActionMask = 2147483647;
			files = (
				37A80E00150B8CE800B9B6E1 /* SenTestingKit.framework in Frameworks */,
				37A80E03150B8CE800B9B6E1 /* Foundation.framework in Frameworks */,
				37EADF7D150B8E04001D3588 /* CoreData.framework in Frameworks */,
			);
			runOnlyForDeploymentPostprocessing = 0;
		};
/* End PBXFrameworksBuildPhase section */

/* Begin PBXGroup section */
		37235E771662BCCB00F33BF1 /* Other Frameworks */ = {
			isa = PBXGroup;
			children = (
				37235E781662BCCB00F33BF1 /* AppKit.framework */,
				37235E791662BCCB00F33BF1 /* CoreData.framework */,
				37235E7A1662BCCB00F33BF1 /* Foundation.framework */,
			);
			name = "Other Frameworks";
			sourceTree = "<group>";
		};
		37A80DE3150B8CE800B9B6E1 = {
			isa = PBXGroup;
			children = (
				37EADF87150B91A0001D3588 /* README.mdown */,
				37A80DF3150B8CE800B9B6E1 /* KVCMapping */,
				37A80E07150B8CE800B9B6E1 /* KVCMappingTests */,
				37A80DF0150B8CE800B9B6E1 /* Frameworks */,
				37A80DEF150B8CE800B9B6E1 /* Products */,
			);
			sourceTree = "<group>";
		};
		37A80DEF150B8CE800B9B6E1 /* Products */ = {
			isa = PBXGroup;
			children = (
				37A80DEE150B8CE800B9B6E1 /* libKVCMapping-ios.a */,
				37A80DFE150B8CE800B9B6E1 /* KVCMappingTests.octest */,
				37235E741662BCCB00F33BF1 /* libKVCMapping-osx.a */,
			);
			name = Products;
			sourceTree = "<group>";
		};
		37A80DF0150B8CE800B9B6E1 /* Frameworks */ = {
			isa = PBXGroup;
			children = (
				37A80DF1150B8CE800B9B6E1 /* Foundation.framework */,
				37EADF7B150B8DAB001D3588 /* CoreData.framework */,
				37A80DFF150B8CE800B9B6E1 /* SenTestingKit.framework */,
				37235E751662BCCB00F33BF1 /* Cocoa.framework */,
				37235E771662BCCB00F33BF1 /* Other Frameworks */,
			);
			name = Frameworks;
			sourceTree = "<group>";
		};
		37A80DF3150B8CE800B9B6E1 /* KVCMapping */ = {
			isa = PBXGroup;
			children = (
				8350CB2D1743C26E00A7E7B9 /* KVCEntityMapping.h */,
				8350CB2E1743C26E00A7E7B9 /* KVCEntityMapping.m */,
				8350CB2F1743C26E00A7E7B9 /* KVCMapping.h */,
				37EADF75150B8D3C001D3588 /* NSObject+KVCMapping.h */,
				37EADF76150B8D3C001D3588 /* NSObject+KVCMapping.m */,
				373D64FA1657F1C80067FDC3 /* NSManagedObject+Coercion.h */,
				373D64FB1657F1C80067FDC3 /* NSManagedObject+Coercion.m */,
				373D64FC1657F1C80067FDC3 /* NSManagedObject+KVCFetching.h */,
				373D64FD1657F1C80067FDC3 /* NSManagedObject+KVCFetching.m */,
				373D64FE1657F1C80067FDC3 /* NSManagedObject+KVCRelationship.h */,
				373D64FF1657F1C80067FDC3 /* NSManagedObject+KVCRelationship.m */,
				8350CB241743BF4800A7E7B9 /* KVCEntitiesCache.h */,
				8350CB251743BF4800A7E7B9 /* KVCEntitiesCache.m */,
				37A80DF4150B8CE800B9B6E1 /* Supporting Files */,
			);
			path = KVCMapping;
			sourceTree = "<group>";
		};
		37A80DF4150B8CE800B9B6E1 /* Supporting Files */ = {
			isa = PBXGroup;
			children = (
				37A80DF5150B8CE800B9B6E1 /* KVCMapping-Prefix.pch */,
			);
			name = "Supporting Files";
			sourceTree = "<group>";
		};
		37A80E07150B8CE800B9B6E1 /* KVCMappingTests */ = {
			isa = PBXGroup;
			children = (
				37EADF7E150B8E29001D3588 /* NSObject+KVCMappingTests.m */,
				373D65111657F2100067FDC3 /* NSManagedObject+CoercionTests.m */,
				373D65121657F2100067FDC3 /* NSManagedObject+KVCFetchingTests.m */,
				373D65131657F2100067FDC3 /* NSManagedObject+KVCMappingTests.m */,
				373D65141657F2100067FDC3 /* NSManagedObject+KVCRelationshipTests.m */,
				8350CB2B1743BF6C00A7E7B9 /* KVCEntitiesCacheTests.m */,
				373D650F1657F2030067FDC3 /* NSManagedObject_KVCMapping_Tests.xcdatamodel */,
				37A80E08150B8CE800B9B6E1 /* Supporting Files */,
			);
			name = KVCMappingTests;
			path = Tests;
			sourceTree = "<group>";
		};
		37A80E08150B8CE800B9B6E1 /* Supporting Files */ = {
			isa = PBXGroup;
			children = (
				37A80E09150B8CE800B9B6E1 /* KVCMappingTests-Info.plist */,
			);
			name = "Supporting Files";
			sourceTree = "<group>";
		};
/* End PBXGroup section */

/* Begin PBXHeadersBuildPhase section */
		37235E721662BCCB00F33BF1 /* Headers */ = {
			isa = PBXHeadersBuildPhase;
			buildActionMask = 2147483647;
			files = (
				8350CB271743BF4800A7E7B9 /* KVCEntitiesCache.h in Headers */,
				8350CB311743C26E00A7E7B9 /* KVCEntityMapping.h in Headers */,
				8350CB361743C26E00A7E7B9 /* KVCMapping.h in Headers */,
			);
			runOnlyForDeploymentPostprocessing = 0;
		};
		37A80DEC150B8CE800B9B6E1 /* Headers */ = {
			isa = PBXHeadersBuildPhase;
			buildActionMask = 2147483647;
			files = (
				37EADF77150B8D3C001D3588 /* NSObject+KVCMapping.h in Headers */,
				373D65021657F1C80067FDC3 /* NSManagedObject+Coercion.h in Headers */,
				373D65051657F1C80067FDC3 /* NSManagedObject+KVCFetching.h in Headers */,
				373D65081657F1C80067FDC3 /* NSManagedObject+KVCRelationship.h in Headers */,
				8350CB261743BF4800A7E7B9 /* KVCEntitiesCache.h in Headers */,
				8350CB301743C26E00A7E7B9 /* KVCEntityMapping.h in Headers */,
				8350CB351743C26E00A7E7B9 /* KVCMapping.h in Headers */,
			);
			runOnlyForDeploymentPostprocessing = 0;
		};
/* End PBXHeadersBuildPhase section */

/* Begin PBXNativeTarget section */
		37235E731662BCCB00F33BF1 /* KVCMapping-osx */ = {
			isa = PBXNativeTarget;
			buildConfigurationList = 37235E831662BCCC00F33BF1 /* Build configuration list for PBXNativeTarget "KVCMapping-osx" */;
			buildPhases = (
				37235E701662BCCB00F33BF1 /* Sources */,
				37235E711662BCCB00F33BF1 /* Frameworks */,
				37235E721662BCCB00F33BF1 /* Headers */,
			);
			buildRules = (
			);
			dependencies = (
			);
			name = "KVCMapping-osx";
			productName = "KVCMapping-osx";
			productReference = 37235E741662BCCB00F33BF1 /* libKVCMapping-osx.a */;
			productType = "com.apple.product-type.library.static";
		};
		37A80DED150B8CE800B9B6E1 /* KVCMapping-ios */ = {
			isa = PBXNativeTarget;
			buildConfigurationList = 37A80E12150B8CE800B9B6E1 /* Build configuration list for PBXNativeTarget "KVCMapping-ios" */;
			buildPhases = (
				37A80DEA150B8CE800B9B6E1 /* Sources */,
				37A80DEB150B8CE800B9B6E1 /* Frameworks */,
				37A80DEC150B8CE800B9B6E1 /* Headers */,
			);
			buildRules = (
			);
			dependencies = (
			);
			name = "KVCMapping-ios";
			productName = KVCMapping;
			productReference = 37A80DEE150B8CE800B9B6E1 /* libKVCMapping-ios.a */;
			productType = "com.apple.product-type.library.static";
		};
		37A80DFD150B8CE800B9B6E1 /* KVCMappingTests */ = {
			isa = PBXNativeTarget;
			buildConfigurationList = 37A80E15150B8CE800B9B6E1 /* Build configuration list for PBXNativeTarget "KVCMappingTests" */;
			buildPhases = (
				37A80DF9150B8CE800B9B6E1 /* Sources */,
				37A80DFA150B8CE800B9B6E1 /* Frameworks */,
				37A80DFB150B8CE800B9B6E1 /* Resources */,
				37A80DFC150B8CE800B9B6E1 /* ShellScript */,
			);
			buildRules = (
			);
			dependencies = (
			);
			name = KVCMappingTests;
			productName = KVCMappingTests;
			productReference = 37A80DFE150B8CE800B9B6E1 /* KVCMappingTests.octest */;
			productType = "com.apple.product-type.bundle";
		};
/* End PBXNativeTarget section */

/* Begin PBXProject section */
		37A80DE5150B8CE800B9B6E1 /* Project object */ = {
			isa = PBXProject;
			attributes = {
				LastUpgradeCheck = 0460;
			};
			buildConfigurationList = 37A80DE8150B8CE800B9B6E1 /* Build configuration list for PBXProject "KVCMapping" */;
			compatibilityVersion = "Xcode 3.2";
			developmentRegion = English;
			hasScannedForEncodings = 0;
			knownRegions = (
				en,
			);
			mainGroup = 37A80DE3150B8CE800B9B6E1;
			productRefGroup = 37A80DEF150B8CE800B9B6E1 /* Products */;
			projectDirPath = "";
			projectRoot = "";
			targets = (
				37A80DED150B8CE800B9B6E1 /* KVCMapping-ios */,
				37235E731662BCCB00F33BF1 /* KVCMapping-osx */,
				37A80DFD150B8CE800B9B6E1 /* KVCMappingTests */,
			);
		};
/* End PBXProject section */

/* Begin PBXResourcesBuildPhase section */
		37A80DFB150B8CE800B9B6E1 /* Resources */ = {
			isa = PBXResourcesBuildPhase;
			buildActionMask = 2147483647;
			files = (
			);
			runOnlyForDeploymentPostprocessing = 0;
		};
/* End PBXResourcesBuildPhase section */

/* Begin PBXShellScriptBuildPhase section */
		37A80DFC150B8CE800B9B6E1 /* ShellScript */ = {
			isa = PBXShellScriptBuildPhase;
			buildActionMask = 2147483647;
			files = (
			);
			inputPaths = (
			);
			outputPaths = (
			);
			runOnlyForDeploymentPostprocessing = 0;
			shellPath = /bin/sh;
			shellScript = "# Run the unit tests in this test bundle.\n\"${SYSTEM_DEVELOPER_DIR}/Tools/RunUnitTests\"\n";
		};
/* End PBXShellScriptBuildPhase section */

/* Begin PBXSourcesBuildPhase section */
		37235E701662BCCB00F33BF1 /* Sources */ = {
			isa = PBXSourcesBuildPhase;
			buildActionMask = 2147483647;
			files = (
				37235E851662BCE100F33BF1 /* NSObject+KVCMapping.m in Sources */,
				37235E861662BCE100F33BF1 /* NSManagedObject+Coercion.m in Sources */,
				37235E871662BCE100F33BF1 /* NSManagedObject+KVCFetching.m in Sources */,
				37235E881662BCE100F33BF1 /* NSManagedObject+KVCRelationship.m in Sources */,
				8350CB291743BF4800A7E7B9 /* KVCEntitiesCache.m in Sources */,
				8350CB331743C26E00A7E7B9 /* KVCEntityMapping.m in Sources */,
			);
			runOnlyForDeploymentPostprocessing = 0;
		};
		37A80DEA150B8CE800B9B6E1 /* Sources */ = {
			isa = PBXSourcesBuildPhase;
			buildActionMask = 2147483647;
			files = (
				37EADF78150B8D3C001D3588 /* NSObject+KVCMapping.m in Sources */,
				373D65031657F1C80067FDC3 /* NSManagedObject+Coercion.m in Sources */,
				373D65061657F1C80067FDC3 /* NSManagedObject+KVCFetching.m in Sources */,
				373D65091657F1C80067FDC3 /* NSManagedObject+KVCRelationship.m in Sources */,
				8350CB281743BF4800A7E7B9 /* KVCEntitiesCache.m in Sources */,
				8350CB321743C26E00A7E7B9 /* KVCEntityMapping.m in Sources */,
			);
			runOnlyForDeploymentPostprocessing = 0;
		};
		37A80DF9150B8CE800B9B6E1 /* Sources */ = {
			isa = PBXSourcesBuildPhase;
			buildActionMask = 2147483647;
			files = (
				37EADF79150B8D3C001D3588 /* NSObject+KVCMapping.m in Sources */,
				37EADF7F150B8E29001D3588 /* NSObject+KVCMappingTests.m in Sources */,
				373D65041657F1C80067FDC3 /* NSManagedObject+Coercion.m in Sources */,
				373D65071657F1C80067FDC3 /* NSManagedObject+KVCFetching.m in Sources */,
				373D650A1657F1C80067FDC3 /* NSManagedObject+KVCRelationship.m in Sources */,
				373D65101657F2030067FDC3 /* NSManagedObject_KVCMapping_Tests.xcdatamodel in Sources */,
				373D65161657F2100067FDC3 /* NSManagedObject+CoercionTests.m in Sources */,
				373D65171657F2100067FDC3 /* NSManagedObject+KVCFetchingTests.m in Sources */,
				373D65181657F2100067FDC3 /* NSManagedObject+KVCMappingTests.m in Sources */,
				373D65191657F2100067FDC3 /* NSManagedObject+KVCRelationshipTests.m in Sources */,
				8350CB2A1743BF4800A7E7B9 /* KVCEntitiesCache.m in Sources */,
				8350CB2C1743BF6C00A7E7B9 /* KVCEntitiesCacheTests.m in Sources */,
				8350CB341743C26E00A7E7B9 /* KVCEntityMapping.m in Sources */,
			);
			runOnlyForDeploymentPostprocessing = 0;
		};
/* End PBXSourcesBuildPhase section */

/* Begin XCBuildConfiguration section */
		37235E811662BCCC00F33BF1 /* Debug */ = {
			isa = XCBuildConfiguration;
			buildSettings = {
				ARCHS = "$(ARCHS_STANDARD_64_BIT)";
				COMBINE_HIDPI_IMAGES = YES;
				MACOSX_DEPLOYMENT_TARGET = 10.8;
				PRODUCT_NAME = "$(TARGET_NAME)";
				SDKROOT = macosx;
				SKIP_INSTALL = YES;
			};
			name = Debug;
		};
		37235E821662BCCC00F33BF1 /* Release */ = {
			isa = XCBuildConfiguration;
			buildSettings = {
				ARCHS = "$(ARCHS_STANDARD_64_BIT)";
				COMBINE_HIDPI_IMAGES = YES;
				MACOSX_DEPLOYMENT_TARGET = 10.8;
				PRODUCT_NAME = "$(TARGET_NAME)";
				SDKROOT = macosx;
				SKIP_INSTALL = YES;
			};
			name = Release;
		};
		37A80E10150B8CE800B9B6E1 /* Debug */ = {
			isa = XCBuildConfiguration;
			buildSettings = {
				ALWAYS_SEARCH_USER_PATHS = NO;
				CLANG_ENABLE_OBJC_ARC = YES;
				CLANG_WARN_CONSTANT_CONVERSION = YES;
				CLANG_WARN_ENUM_CONVERSION = YES;
				CLANG_WARN_INT_CONVERSION = YES;
				CLANG_WARN__DUPLICATE_METHOD_MATCH = YES;
				COPY_PHASE_STRIP = NO;
				GCC_C_LANGUAGE_STANDARD = gnu99;
				GCC_DYNAMIC_NO_PIC = NO;
				GCC_OPTIMIZATION_LEVEL = 0;
				GCC_PRECOMPILE_PREFIX_HEADER = YES;
				GCC_PREFIX_HEADER = "KVCMapping/KVCMapping-Prefix.pch";
				GCC_PREPROCESSOR_DEFINITIONS = (
					"DEBUG=1",
					"$(inherited)",
				);
				GCC_SYMBOLS_PRIVATE_EXTERN = NO;
				GCC_VERSION = com.apple.compilers.llvm.clang.1_0;
				GCC_WARN_ABOUT_RETURN_TYPE = YES;
				GCC_WARN_UNINITIALIZED_AUTOS = YES;
				GCC_WARN_UNUSED_VARIABLE = YES;
				ONLY_ACTIVE_ARCH = YES;
				OTHER_LDFLAGS = "-ObjC";
			};
			name = Debug;
		};
		37A80E11150B8CE800B9B6E1 /* Release */ = {
			isa = XCBuildConfiguration;
			buildSettings = {
				ALWAYS_SEARCH_USER_PATHS = NO;
				CLANG_ENABLE_OBJC_ARC = YES;
				CLANG_WARN_CONSTANT_CONVERSION = YES;
				CLANG_WARN_ENUM_CONVERSION = YES;
				CLANG_WARN_INT_CONVERSION = YES;
				CLANG_WARN__DUPLICATE_METHOD_MATCH = YES;
				DEBUG_INFORMATION_FORMAT = "dwarf-with-dsym";
				GCC_C_LANGUAGE_STANDARD = gnu99;
				GCC_PRECOMPILE_PREFIX_HEADER = YES;
				GCC_PREFIX_HEADER = "KVCMapping/KVCMapping-Prefix.pch";
				GCC_VERSION = com.apple.compilers.llvm.clang.1_0;
				GCC_WARN_ABOUT_RETURN_TYPE = YES;
				GCC_WARN_UNINITIALIZED_AUTOS = YES;
				GCC_WARN_UNUSED_VARIABLE = YES;
				OTHER_LDFLAGS = "-ObjC";
				VALIDATE_PRODUCT = YES;
			};
			name = Release;
		};
		37A80E13150B8CE800B9B6E1 /* Debug */ = {
			isa = XCBuildConfiguration;
			buildSettings = {
				ARCHS = "$(ARCHS_STANDARD_32_BIT)";
				IPHONEOS_DEPLOYMENT_TARGET = 5.1;
				PRODUCT_NAME = "$(TARGET_NAME)";
				SDKROOT = iphoneos;
				SKIP_INSTALL = YES;
			};
			name = Debug;
		};
		37A80E14150B8CE800B9B6E1 /* Release */ = {
			isa = XCBuildConfiguration;
			buildSettings = {
				ARCHS = "$(ARCHS_STANDARD_32_BIT)";
				IPHONEOS_DEPLOYMENT_TARGET = 5.1;
				PRODUCT_NAME = "$(TARGET_NAME)";
				SDKROOT = iphoneos;
				SKIP_INSTALL = YES;
			};
			name = Release;
		};
		37A80E16150B8CE800B9B6E1 /* Debug */ = {
			isa = XCBuildConfiguration;
			buildSettings = {
				ARCHS = "$(ARCHS_STANDARD_64_BIT)";
				COMBINE_HIDPI_IMAGES = YES;
				FRAMEWORK_SEARCH_PATHS = "$(DEVELOPER_LIBRARY_DIR)/Frameworks";
				GCC_PRECOMPILE_PREFIX_HEADER = YES;
				GCC_PREFIX_HEADER = "KVCMapping/KVCMapping-Prefix.pch";
				INFOPLIST_FILE = "Tests/KVCMappingTests-Info.plist";
				PRODUCT_NAME = "$(TARGET_NAME)";
				WRAPPER_EXTENSION = octest;
			};
			name = Debug;
		};
		37A80E17150B8CE800B9B6E1 /* Release */ = {
			isa = XCBuildConfiguration;
			buildSettings = {
				ARCHS = "$(ARCHS_STANDARD_64_BIT)";
				COMBINE_HIDPI_IMAGES = YES;
				FRAMEWORK_SEARCH_PATHS = "$(DEVELOPER_LIBRARY_DIR)/Frameworks";
				GCC_PRECOMPILE_PREFIX_HEADER = YES;
				GCC_PREFIX_HEADER = "KVCMapping/KVCMapping-Prefix.pch";
				INFOPLIST_FILE = "Tests/KVCMappingTests-Info.plist";
				PRODUCT_NAME = "$(TARGET_NAME)";
				WRAPPER_EXTENSION = octest;
			};
			name = Release;
		};
/* End XCBuildConfiguration section */

/* Begin XCConfigurationList section */
		37235E831662BCCC00F33BF1 /* Build configuration list for PBXNativeTarget "KVCMapping-osx" */ = {
			isa = XCConfigurationList;
			buildConfigurations = (
				37235E811662BCCC00F33BF1 /* Debug */,
				37235E821662BCCC00F33BF1 /* Release */,
			);
			defaultConfigurationIsVisible = 0;
			defaultConfigurationName = Release;
		};
		37A80DE8150B8CE800B9B6E1 /* Build configuration list for PBXProject "KVCMapping" */ = {
			isa = XCConfigurationList;
			buildConfigurations = (
				37A80E10150B8CE800B9B6E1 /* Debug */,
				37A80E11150B8CE800B9B6E1 /* Release */,
			);
			defaultConfigurationIsVisible = 0;
			defaultConfigurationName = Release;
		};
		37A80E12150B8CE800B9B6E1 /* Build configuration list for PBXNativeTarget "KVCMapping-ios" */ = {
			isa = XCConfigurationList;
			buildConfigurations = (
				37A80E13150B8CE800B9B6E1 /* Debug */,
				37A80E14150B8CE800B9B6E1 /* Release */,
			);
			defaultConfigurationIsVisible = 0;
			defaultConfigurationName = Release;
		};
		37A80E15150B8CE800B9B6E1 /* Build configuration list for PBXNativeTarget "KVCMappingTests" */ = {
			isa = XCConfigurationList;
			buildConfigurations = (
				37A80E16150B8CE800B9B6E1 /* Debug */,
				37A80E17150B8CE800B9B6E1 /* Release */,
			);
			defaultConfigurationIsVisible = 0;
			defaultConfigurationName = Release;
		};
/* End XCConfigurationList section */
	};
	rootObject = 37A80DE5150B8CE800B9B6E1 /* Project object */;
}
